
Microsoft Visual Studio Solution File, Format Version 12.00
# Visual Studio 2012
Project("{F184B08F-C81C-45F6-A57F-5ABD9991F28F}") = "MoveImage", "MoveImage.vbproj", "{84D15E48-0222-48A9-97B7-05E9F14AB511}"
EndProject
Project("{FAE04EC0-301F-11D3-BF4B-00C04F79EFBC}") = "CheckComboBoxTest", "CheckComboBoxTest\CheckComboBoxTest.csproj", "{04BA4FD3-12A1-4E0B-ADC2-C898EDFB1016}"
EndProject
Global
	GlobalSection(SolutionConfigurationPlatforms) = preSolution
		Debug|Any CPU = Debug|Any CPU
		Debug|x64 = Debug|x64
		Debug|x86 = Debug|x86
		Release|Any CPU = Release|Any CPU
		Release|x64 = Release|x64
		Release|x86 = Release|x86
	EndGlobalSection
	GlobalSection(ProjectConfigurationPlatforms) = postSolution
		{84D15E48-0222-48A9-97B7-05E9F14AB511}.Debug|Any CPU.ActiveCfg = Debug|Any CPU
		{84D15E48-0222-48A9-97B7-05E9F14AB511}.Debug|Any CPU.Build.0 = Debug|Any CPU
		{84D15E48-0222-48A9-97B7-05E9F14AB511}.Debug|x64.ActiveCfg = Debug|Any CPU
		{84D15E48-0222-48A9-97B7-05E9F14AB511}.Debug|x86.ActiveCfg = Debug|x86
		{84D15E48-0222-48A9-97B7-05E9F14AB511}.Debug|x86.Build.0 = Debug|x86
		{84D15E48-0222-48A9-97B7-05E9F14AB511}.Release|Any CPU.ActiveCfg = Release|Any CPU
		{84D15E48-0222-48A9-97B7-05E9F14AB511}.Release|Any CPU.Build.0 = Release|Any CPU
		{84D15E48-0222-48A9-97B7-05E9F14AB511}.Release|x64.ActiveCfg = Release|Any CPU
		{84D15E48-0222-48A9-97B7-05E9F14AB511}.Release|x86.ActiveCfg = Release|x86
		{84D15E48-0222-48A9-97B7-05E9F14AB511}.Release|x86.Build.0 = Release|x86
		{04BA4FD3-12A1-4E0B-ADC2-C898EDFB1016}.Debug|Any CPU.ActiveCfg = Debug|Any CPU
		{04BA4FD3-12A1-4E0B-ADC2-C898EDFB1016}.Debug|Any CPU.Build.0 = Debug|Any CPU
		{04BA4FD3-12A1-4E0B-ADC2-C898EDFB1016}.Debug|Any CPU.Deploy.0 = Debug|Any CPU
		{04BA4FD3-12A1-4E0B-ADC2-C898EDFB1016}.Debug|x64.ActiveCfg = Debug|Any CPU
		{04BA4FD3-12A1-4E0B-ADC2-C898EDFB1016}.Debug|x64.Build.0 = Debug|Any CPU
		{04BA4FD3-12A1-4E0B-ADC2-C898EDFB1016}.Debug|x86.ActiveCfg = Debug|x86
		{04BA4FD3-12A1-4E0B-ADC2-C898EDFB1016}.Debug|x86.Build.0 = Debug|x86
		{04BA4FD3-12A1-4E0B-ADC2-C898EDFB1016}.Release|Any CPU.ActiveCfg = Release|Any CPU
		{04BA4FD3-12A1-4E0B-ADC2-C898EDFB1016}.Release|Any CPU.Build.0 = Release|Any CPU
		{04BA4FD3-12A1-4E0B-ADC2-C898EDFB1016}.Release|x64.ActiveCfg = Release|x64
		{04BA4FD3-12A1-4E0B-ADC2-C898EDFB1016}.Release|x64.Build.0 = Release|x64
		{04BA4FD3-12A1-4E0B-ADC2-C898EDFB1016}.Release|x86.ActiveCfg = Release|x86
		{04BA4FD3-12A1-4E0B-ADC2-C898EDFB1016}.Release|x86.Build.0 = Release|x86
	EndGlobalSection
	GlobalSection(SolutionProperties) = preSolution
		HideSolutionNode = FALSE
	EndGlobalSection
EndGlobal
